// !$*UTF8*$!
{
	archiveVersion = 1;
	classes = {
	};
	objectVersion = 55;
	objects = {

/* Begin PBXBuildFile section */
		D3A6B98B287DDE0100B105E7 /* AppDelegate.m in Sources */ = {isa = PBXBuildFile; fileRef = D3A6B98A287DDE0100B105E7 /* AppDelegate.m */; };
		D3A6B98E287DDE0100B105E7 /* SceneDelegate.m in Sources */ = {isa = PBXBuildFile; fileRef = D3A6B98D287DDE0100B105E7 /* SceneDelegate.m */; };
		D3A6B994287DDE0100B105E7 /* Main.storyboard in Resources */ = {isa = PBXBuildFile; fileRef = D3A6B992287DDE0100B105E7 /* Main.storyboard */; };
		D3A6B999287DDE0300B105E7 /* LaunchScreen.storyboard in Resources */ = {isa = PBXBuildFile; fileRef = D3A6B997287DDE0300B105E7 /* LaunchScreen.storyboard */; };
		D3A6B99C287DDE0300B105E7 /* main.m in Sources */ = {isa = PBXBuildFile; fileRef = D3A6B99B287DDE0300B105E7 /* main.m */; };
		D3A6B9A6287DDF3C00B105E7 /* State.m in Sources */ = {isa = PBXBuildFile; fileRef = D3A6B9A5287DDF3C00B105E7 /* State.m */; };
		D3A6B9AA287DE3E100B105E7 /* StateController.m in Sources */ = {isa = PBXBuildFile; fileRef = D3A6B9A9287DE3E100B105E7 /* StateController.m */; };
		D3A6B9AD287DE40100B105E7 /* StateHelper.m in Sources */ = {isa = PBXBuildFile; fileRef = D3A6B9AC287DE40100B105E7 /* StateHelper.m */; };
		D3A6B9B2287DEF2D00B105E7 /* StateCollectionViewController.m in Sources */ = {isa = PBXBuildFile; fileRef = D3A6B9B1287DEF2D00B105E7 /* StateCollectionViewController.m */; };
		D3A6B9B5287DEF4900B105E7 /* StateCollectionViewCell.m in Sources */ = {isa = PBXBuildFile; fileRef = D3A6B9B4287DEF4900B105E7 /* StateCollectionViewCell.m */; };
		D3A6B9B7287DF2B400B105E7 /* Assets.xcassets in Resources */ = {isa = PBXBuildFile; fileRef = D3A6B9B6287DF2B400B105E7 /* Assets.xcassets */; };
/* End PBXBuildFile section */

/* Begin PBXFileReference section */
		D3A6B986287DDE0100B105E7 /* StateFlags.app */ = {isa = PBXFileReference; explicitFileType = wrapper.application; includeInIndex = 0; path = StateFlags.app; sourceTree = BUILT_PRODUCTS_DIR; };
		D3A6B989287DDE0100B105E7 /* AppDelegate.h */ = {isa = PBXFileReference; lastKnownFileType = sourcecode.c.h; path = AppDelegate.h; sourceTree = "<group>"; };
		D3A6B98A287DDE0100B105E7 /* AppDelegate.m */ = {isa = PBXFileReference; lastKnownFileType = sourcecode.c.objc; path = AppDelegate.m; sourceTree = "<group>"; };
		D3A6B98C287DDE0100B105E7 /* SceneDelegate.h */ = {isa = PBXFileReference; lastKnownFileType = sourcecode.c.h; path = SceneDelegate.h; sourceTree = "<group>"; };
		D3A6B98D287DDE0100B105E7 /* SceneDelegate.m */ = {isa = PBXFileReference; lastKnownFileType = sourcecode.c.objc; path = SceneDelegate.m; sourceTree = "<group>"; };
		D3A6B993287DDE0100B105E7 /* Base */ = {isa = PBXFileReference; lastKnownFileType = file.storyboard; name = Base; path = Base.lproj/Main.storyboard; sourceTree = "<group>"; };
		D3A6B998287DDE0300B105E7 /* Base */ = {isa = PBXFileReference; lastKnownFileType = file.storyboard; name = Base; path = Base.lproj/LaunchScreen.storyboard; sourceTree = "<group>"; };
		D3A6B99A287DDE0300B105E7 /* Info.plist */ = {isa = PBXFileReference; lastKnownFileType = text.plist.xml; path = Info.plist; sourceTree = "<group>"; };
		D3A6B99B287DDE0300B105E7 /* main.m */ = {isa = PBXFileReference; lastKnownFileType = sourcecode.c.objc; path = main.m; sourceTree = "<group>"; };
		D3A6B9A4287DDF3C00B105E7 /* State.h */ = {isa = PBXFileReference; lastKnownFileType = sourcecode.c.h; path = State.h; sourceTree = "<group>"; };
		D3A6B9A5287DDF3C00B105E7 /* State.m */ = {isa = PBXFileReference; lastKnownFileType = sourcecode.c.objc; path = State.m; sourceTree = "<group>"; };
		D3A6B9A8287DE3E100B105E7 /* StateController.h */ = {isa = PBXFileReference; lastKnownFileType = sourcecode.c.h; path = StateController.h; sourceTree = "<group>"; };
		D3A6B9A9287DE3E100B105E7 /* StateController.m */ = {isa = PBXFileReference; lastKnownFileType = sourcecode.c.objc; path = StateController.m; sourceTree = "<group>"; };
		D3A6B9AB287DE40100B105E7 /* StateHelper.h */ = {isa = PBXFileReference; lastKnownFileType = sourcecode.c.h; path = StateHelper.h; sourceTree = "<group>"; };
		D3A6B9AC287DE40100B105E7 /* StateHelper.m */ = {isa = PBXFileReference; lastKnownFileType = sourcecode.c.objc; path = StateHelper.m; sourceTree = "<group>"; };
		D3A6B9B0287DEF2D00B105E7 /* StateCollectionViewController.h */ = {isa = PBXFileReference; lastKnownFileType = sourcecode.c.h; path = StateCollectionViewController.h; sourceTree = "<group>"; };
		D3A6B9B1287DEF2D00B105E7 /* StateCollectionViewController.m */ = {isa = PBXFileReference; lastKnownFileType = sourcecode.c.objc; path = StateCollectionViewController.m; sourceTree = "<group>"; };
		D3A6B9B3287DEF4900B105E7 /* StateCollectionViewCell.h */ = {isa = PBXFileReference; lastKnownFileType = sourcecode.c.h; path = StateCollectionViewCell.h; sourceTree = "<group>"; };
		D3A6B9B4287DEF4900B105E7 /* StateCollectionViewCell.m */ = {isa = PBXFileReference; lastKnownFileType = sourcecode.c.objc; path = StateCollectionViewCell.m; sourceTree = "<group>"; };
		D3A6B9B6287DF2B400B105E7 /* Assets.xcassets */ = {isa = PBXFileReference; lastKnownFileType = folder.assetcatalog; path = Assets.xcassets; sourceTree = "<group>"; };
/* End PBXFileReference section */

/* Begin PBXFrameworksBuildPhase section */
		D3A6B983287DDE0100B105E7 /* Frameworks */ = {
			isa = PBXFrameworksBuildPhase;
			buildActionMask = 2147483647;
			files = (
			);
			runOnlyForDeploymentPostprocessing = 0;
		};
/* End PBXFrameworksBuildPhase section */

/* Begin PBXGroup section */
		D3A6B97D287DDE0100B105E7 = {
			isa = PBXGroup;
			children = (
				D3A6B988287DDE0100B105E7 /* StateFlags */,
				D3A6B987287DDE0100B105E7 /* Products */,
			);
			sourceTree = "<group>";
		};
		D3A6B987287DDE0100B105E7 /* Products */ = {
			isa = PBXGroup;
			children = (
				D3A6B986287DDE0100B105E7 /* StateFlags.app */,
			);
			name = Products;
			sourceTree = "<group>";
		};
		D3A6B988287DDE0100B105E7 /* StateFlags */ = {
			isa = PBXGroup;
			children = (
				D3A6B9AE287DEC8600B105E7 /* ViewController */,
				D3A6B9AF287DED1700B105E7 /* Views */,
				D3A6B9A7287DDF4500B105E7 /* Controllers */,
				D3A6B9A3287DDEDC00B105E7 /* Model */,
				D3A6B9A2287DDE3800B105E7 /* Resources */,
				D3A6B99A287DDE0300B105E7 /* Info.plist */,
				D3A6B99B287DDE0300B105E7 /* main.m */,
			);
			path = StateFlags;
			sourceTree = "<group>";
		};
		D3A6B9A2287DDE3800B105E7 /* Resources */ = {
			isa = PBXGroup;
			children = (
				D3A6B9B6287DF2B400B105E7 /* Assets.xcassets */,
				D3A6B989287DDE0100B105E7 /* AppDelegate.h */,
				D3A6B98A287DDE0100B105E7 /* AppDelegate.m */,
				D3A6B98C287DDE0100B105E7 /* SceneDelegate.h */,
				D3A6B98D287DDE0100B105E7 /* SceneDelegate.m */,
				D3A6B992287DDE0100B105E7 /* Main.storyboard */,
				D3A6B997287DDE0300B105E7 /* LaunchScreen.storyboard */,
			);
			path = Resources;
			sourceTree = "<group>";
		};
		D3A6B9A3287DDEDC00B105E7 /* Model */ = {
			isa = PBXGroup;
			children = (
				D3A6B9A4287DDF3C00B105E7 /* State.h */,
				D3A6B9A5287DDF3C00B105E7 /* State.m */,
				D3A6B9AB287DE40100B105E7 /* StateHelper.h */,
				D3A6B9AC287DE40100B105E7 /* StateHelper.m */,
			);
			path = Model;
			sourceTree = "<group>";
		};
		D3A6B9A7287DDF4500B105E7 /* Controllers */ = {
			isa = PBXGroup;
			children = (
				D3A6B9A8287DE3E100B105E7 /* StateController.h */,
				D3A6B9A9287DE3E100B105E7 /* StateController.m */,
			);
			path = Controllers;
			sourceTree = "<group>";
		};
		D3A6B9AE287DEC8600B105E7 /* ViewController */ = {
			isa = PBXGroup;
			children = (
				D3A6B9B0287DEF2D00B105E7 /* StateCollectionViewController.h */,
				D3A6B9B1287DEF2D00B105E7 /* StateCollectionViewController.m */,
			);
			path = ViewController;
			sourceTree = "<group>";
		};
		D3A6B9AF287DED1700B105E7 /* Views */ = {
			isa = PBXGroup;
			children = (
				D3A6B9B3287DEF4900B105E7 /* StateCollectionViewCell.h */,
				D3A6B9B4287DEF4900B105E7 /* StateCollectionViewCell.m */,
			);
			path = Views;
			sourceTree = "<group>";
		};
/* End PBXGroup section */

/* Begin PBXNativeTarget section */
		D3A6B985287DDE0100B105E7 /* StateFlags */ = {
			isa = PBXNativeTarget;
			buildConfigurationList = D3A6B99F287DDE0300B105E7 /* Build configuration list for PBXNativeTarget "StateFlags" */;
			buildPhases = (
				D3A6B982287DDE0100B105E7 /* Sources */,
				D3A6B983287DDE0100B105E7 /* Frameworks */,
				D3A6B984287DDE0100B105E7 /* Resources */,
			);
			buildRules = (
			);
			dependencies = (
			);
			name = StateFlags;
			productName = StateFlags;
			productReference = D3A6B986287DDE0100B105E7 /* StateFlags.app */;
			productType = "com.apple.product-type.application";
		};
/* End PBXNativeTarget section */

/* Begin PBXProject section */
		D3A6B97E287DDE0100B105E7 /* Project object */ = {
			isa = PBXProject;
			attributes = {
				BuildIndependentTargetsInParallel = 1;
				LastUpgradeCheck = 1340;
				TargetAttributes = {
					D3A6B985287DDE0100B105E7 = {
						CreatedOnToolsVersion = 13.4.1;
					};
				};
			};
			buildConfigurationList = D3A6B981287DDE0100B105E7 /* Build configuration list for PBXProject "StateFlags" */;
			compatibilityVersion = "Xcode 13.0";
			developmentRegion = en;
			hasScannedForEncodings = 0;
			knownRegions = (
				en,
				Base,
			);
			mainGroup = D3A6B97D287DDE0100B105E7;
			productRefGroup = D3A6B987287DDE0100B105E7 /* Products */;
			projectDirPath = "";
			projectRoot = "";
			targets = (
				D3A6B985287DDE0100B105E7 /* StateFlags */,
			);
		};
/* End PBXProject section */

/* Begin PBXResourcesBuildPhase section */
		D3A6B984287DDE0100B105E7 /* Resources */ = {
			isa = PBXResourcesBuildPhase;
			buildActionMask = 2147483647;
			files = (
				D3A6B999287DDE0300B105E7 /* LaunchScreen.storyboard in Resources */,
				D3A6B9B7287DF2B400B105E7 /* Assets.xcassets in Resources */,
				D3A6B994287DDE0100B105E7 /* Main.storyboard in Resources */,
			);
			runOnlyForDeploymentPostprocessing = 0;
		};
/* End PBXResourcesBuildPhase section */

/* Begin PBXSourcesBuildPhase section */
		D3A6B982287DDE0100B105E7 /* Sources */ = {
			isa = PBXSourcesBuildPhase;
			buildActionMask = 2147483647;
			files = (
				D3A6B98B287DDE0100B105E7 /* AppDelegate.m in Sources */,
				D3A6B9AD287DE40100B105E7 /* StateHelper.m in Sources */,
				D3A6B9AA287DE3E100B105E7 /* StateController.m in Sources */,
				D3A6B99C287DDE0300B105E7 /* main.m in Sources */,
				D3A6B9B5287DEF4900B105E7 /* StateCollectionViewCell.m in Sources */,
				D3A6B98E287DDE0100B105E7 /* SceneDelegate.m in Sources */,
				D3A6B9A6287DDF3C00B105E7 /* State.m in Sources */,
				D3A6B9B2287DEF2D00B105E7 /* StateCollectionViewController.m in Sources */,
			);
			runOnlyForDeploymentPostprocessing = 0;
		};
/* End PBXSourcesBuildPhase section */

/* Begin PBXVariantGroup section */
		D3A6B992287DDE0100B105E7 /* Main.storyboard */ = {
			isa = PBXVariantGroup;
			children = (
				D3A6B993287DDE0100B105E7 /* Base */,
			);
			name = Main.storyboard;
			sourceTree = "<group>";
		};
		D3A6B997287DDE0300B105E7 /* LaunchScreen.storyboard */ = {
			isa = PBXVariantGroup;
			children = (
				D3A6B998287DDE0300B105E7 /* Base */,
			);
			name = LaunchScreen.storyboard;
			sourceTree = "<group>";
		};
/* End PBXVariantGroup section */

/* Begin XCBuildConfiguration section */
		D3A6B99D287DDE0300B105E7 /* Debug */ = {
			isa = XCBuildConfiguration;
			buildSettings = {
				ALWAYS_SEARCH_USER_PATHS = NO;
				CLANG_ANALYZER_NONNULL = YES;
				CLANG_ANALYZER_NUMBER_OBJECT_CONVERSION = YES_AGGRESSIVE;
				CLANG_CXX_LANGUAGE_STANDARD = "gnu++17";
				CLANG_ENABLE_MODULES = YES;
				CLANG_ENABLE_OBJC_ARC = YES;
				CLANG_ENABLE_OBJC_WEAK = YES;
				CLANG_WARN_BLOCK_CAPTURE_AUTORELEASING = YES;
				CLANG_WARN_BOOL_CONVERSION = YES;
				CLANG_WARN_COMMA = YES;
				CLANG_WARN_CONSTANT_CONVERSION = YES;
				CLANG_WARN_DEPRECATED_OBJC_IMPLEMENTATIONS = YES;
				CLANG_WARN_DIRECT_OBJC_ISA_USAGE = YES_ERROR;
				CLANG_WARN_DOCUMENTATION_COMMENTS = YES;
				CLANG_WARN_EMPTY_BODY = YES;
				CLANG_WARN_ENUM_CONVERSION = YES;
				CLANG_WARN_INFINITE_RECURSION = YES;
				CLANG_WARN_INT_CONVERSION = YES;
				CLANG_WARN_NON_LITERAL_NULL_CONVERSION = YES;
				CLANG_WARN_OBJC_IMPLICIT_RETAIN_SELF = YES;
				CLANG_WARN_OBJC_LITERAL_CONVERSION = YES;
				CLANG_WARN_OBJC_ROOT_CLASS = YES_ERROR;
				CLANG_WARN_QUOTED_INCLUDE_IN_FRAMEWORK_HEADER = YES;
				CLANG_WARN_RANGE_LOOP_ANALYSIS = YES;
				CLANG_WARN_STRICT_PROTOTYPES = YES;
				CLANG_WARN_SUSPICIOUS_MOVE = YES;
				CLANG_WARN_UNGUARDED_AVAILABILITY = YES_AGGRESSIVE;
				CLANG_WARN_UNREACHABLE_CODE = YES;
				CLANG_WARN__DUPLICATE_METHOD_MATCH = YES;
				COPY_PHASE_STRIP = NO;
				DEBUG_INFORMATION_FORMAT = dwarf;
				ENABLE_STRICT_OBJC_MSGSEND = YES;
				ENABLE_TESTABILITY = YES;
				GCC_C_LANGUAGE_STANDARD = gnu11;
				GCC_DYNAMIC_NO_PIC = NO;
				GCC_NO_COMMON_BLOCKS = YES;
				GCC_OPTIMIZATION_LEVEL = 0;
				GCC_PREPROCESSOR_DEFINITIONS = (
					"DEBUG=1",
					"$(inherited)",
				);
				GCC_WARN_64_TO_32_BIT_CONVERSION = YES;
				GCC_WARN_ABOUT_RETURN_TYPE = YES_ERROR;
				GCC_WARN_UNDECLARED_SELECTOR = YES;
				GCC_WARN_UNINITIALIZED_AUTOS = YES_AGGRESSIVE;
				GCC_WARN_UNUSED_FUNCTION = YES;
				GCC_WARN_UNUSED_VARIABLE = YES;
				IPHONEOS_DEPLOYMENT_TARGET = 15.5;
				MTL_ENABLE_DEBUG_INFO = INCLUDE_SOURCE;
				MTL_FAST_MATH = YES;
				ONLY_ACTIVE_ARCH = YES;
				SDKROOT = iphoneos;
			};
			name = Debug;
		};
		D3A6B99E287DDE0300B105E7 /* Release */ = {
			isa = XCBuildConfiguration;
			buildSettings = {
				ALWAYS_SEARCH_USER_PATHS = NO;
				CLANG_ANALYZER_NONNULL = YES;
				CLANG_ANALYZER_NUMBER_OBJECT_CONVERSION = YES_AGGRESSIVE;
				CLANG_CXX_LANGUAGE_STANDARD = "gnu++17";
				CLANG_ENABLE_MODULES = YES;
				CLANG_ENABLE_OBJC_ARC = YES;
				CLANG_ENABLE_OBJC_WEAK = YES;
				CLANG_WARN_BLOCK_CAPTURE_AUTORELEASING = YES;
				CLANG_WARN_BOOL_CONVERSION = YES;
				CLANG_WARN_COMMA = YES;
				CLANG_WARN_CONSTANT_CONVERSION = YES;
				CLANG_WARN_DEPRECATED_OBJC_IMPLEMENTATIONS = YES;
				CLANG_WARN_DIRECT_OBJC_ISA_USAGE = YES_ERROR;
				CLANG_WARN_DOCUMENTATION_COMMENTS = YES;
				CLANG_WARN_EMPTY_BODY = YES;
				CLANG_WARN_ENUM_CONVERSION = YES;
				CLANG_WARN_INFINITE_RECURSION = YES;
				CLANG_WARN_INT_CONVERSION = YES;
				CLANG_WARN_NON_LITERAL_NULL_CONVERSION = YES;
				CLANG_WARN_OBJC_IMPLICIT_RETAIN_SELF = YES;
				CLANG_WARN_OBJC_LITERAL_CONVERSION = YES;
				CLANG_WARN_OBJC_ROOT_CLASS = YES_ERROR;
				CLANG_WARN_QUOTED_INCLUDE_IN_FRAMEWORK_HEADER = YES;
				CLANG_WARN_RANGE_LOOP_ANALYSIS = YES;
				CLANG_WARN_STRICT_PROTOTYPES = YES;
				CLANG_WARN_SUSPICIOUS_MOVE = YES;
				CLANG_WARN_UNGUARDED_AVAILABILITY = YES_AGGRESSIVE;
				CLANG_WARN_UNREACHABLE_CODE = YES;
				CLANG_WARN__DUPLICATE_METHOD_MATCH = YES;
				COPY_PHASE_STRIP = NO;
				DEBUG_INFORMATION_FORMAT = "dwarf-with-dsym";
				ENABLE_NS_ASSERTIONS = NO;
				ENABLE_STRICT_OBJC_MSGSEND = YES;
				GCC_C_LANGUAGE_STANDARD = gnu11;
				GCC_NO_COMMON_BLOCKS = YES;
				GCC_WARN_64_TO_32_BIT_CONVERSION = YES;
				GCC_WARN_ABOUT_RETURN_TYPE = YES_ERROR;
				GCC_WARN_UNDECLARED_SELECTOR = YES;
				GCC_WARN_UNINITIALIZED_AUTOS = YES_AGGRESSIVE;
				GCC_WARN_UNUSED_FUNCTION = YES;
				GCC_WARN_UNUSED_VARIABLE = YES;
				IPHONEOS_DEPLOYMENT_TARGET = 15.5;
				MTL_ENABLE_DEBUG_INFO = NO;
				MTL_FAST_MATH = YES;
				SDKROOT = iphoneos;
				VALIDATE_PRODUCT = YES;
			};
			name = Release;
		};
		D3A6B9A0287DDE0300B105E7 /* Debug */ = {
			isa = XCBuildConfiguration;
			buildSettings = {
				ASSETCATALOG_COMPILER_APPICON_NAME = AppIcon;
				ASSETCATALOG_COMPILER_GLOBAL_ACCENT_COLOR_NAME = AccentColor;
				CODE_SIGN_STYLE = Automatic;
				CURRENT_PROJECT_VERSION = 1;
				DEVELOPMENT_TEAM = TJJN6CB2K4;
				GENERATE_INFOPLIST_FILE = YES;
				INFOPLIST_FILE = StateFlags/Info.plist;
				INFOPLIST_KEY_UIApplicationSupportsIndirectInputEvents = YES;
				INFOPLIST_KEY_UILaunchStoryboardName = LaunchScreen;
				INFOPLIST_KEY_UIMainStoryboardFile = Main;
				INFOPLIST_KEY_UISupportedInterfaceOrientations_iPad = "UIInterfaceOrientationPortrait UIInterfaceOrientationPortraitUpsideDown UIInterfaceOrientationLandscapeLeft UIInterfaceOrientationLandscapeRight";
				INFOPLIST_KEY_UISupportedInterfaceOrientations_iPhone = "UIInterfaceOrientationPortrait UIInterfaceOrientationLandscapeLeft UIInterfaceOrientationLandscapeRight";
				LD_RUNPATH_SEARCH_PATHS = (
					"$(inherited)",
					"@executable_path/Frameworks",
				);
				MARKETING_VERSION = 1.0;
				PRODUCT_BUNDLE_IDENTIFIER = GongawareLaura.StateFlags;
				PRODUCT_NAME = "$(TARGET_NAME)";
				SWIFT_EMIT_LOC_STRINGS = YES;
				TARGETED_DEVICE_FAMILY = "1,2";
			};
			name = Debug;
		};
		D3A6B9A1287DDE0300B105E7 /* Release */ = {
			isa = XCBuildConfiguration;
			buildSettings = {
				ASSETCATALOG_COMPILER_APPICON_NAME = AppIcon;
				ASSETCATALOG_COMPILER_GLOBAL_ACCENT_COLOR_NAME = AccentColor;
				CODE_SIGN_STYLE = Automatic;
				CURRENT_PROJECT_VERSION = 1;
				DEVELOPMENT_TEAM = TJJN6CB2K4;
				GENERATE_INFOPLIST_FILE = YES;
				INFOPLIST_FILE = StateFlags/Info.plist;
				INFOPLIST_KEY_UIApplicationSupportsIndirectInputEvents = YES;
				INFOPLIST_KEY_UILaunchStoryboardName = LaunchScreen;
				INFOPLIST_KEY_UIMainStoryboardFile = Main;
				INFOPLIST_KEY_UISupportedInterfaceOrientations_iPad = "UIInterfaceOrientationPortrait UIInterfaceOrientationPortraitUpsideDown UIInterfaceOrientationLandscapeLeft UIInterfaceOrientationLandscapeRight";
				INFOPLIST_KEY_UISupportedInterfaceOrientations_iPhone = "UIInterfaceOrientationPortrait UIInterfaceOrientationLandscapeLeft UIInterfaceOrientationLandscapeRight";
				LD_RUNPATH_SEARCH_PATHS = (
					"$(inherited)",
					"@executable_path/Frameworks",
				);
				MARKETING_VERSION = 1.0;
				PRODUCT_BUNDLE_IDENTIFIER = GongawareLaura.StateFlags;
				PRODUCT_NAME = "$(TARGET_NAME)";
				SWIFT_EMIT_LOC_STRINGS = YES;
				TARGETED_DEVICE_FAMILY = "1,2";
			};
			name = Release;
		};
/* End XCBuildConfiguration section */

/* Begin XCConfigurationList section */
		D3A6B981287DDE0100B105E7 /* Build configuration list for PBXProject "StateFlags" */ = {
			isa = XCConfigurationList;
			buildConfigurations = (
				D3A6B99D287DDE0300B105E7 /* Debug */,
				D3A6B99E287DDE0300B105E7 /* Release */,
			);
			defaultConfigurationIsVisible = 0;
			defaultConfigurationName = Release;
		};
		D3A6B99F287DDE0300B105E7 /* Build configuration list for PBXNativeTarget "StateFlags" */ = {
			isa = XCConfigurationList;
			buildConfigurations = (
				D3A6B9A0287DDE0300B105E7 /* Debug */,
				D3A6B9A1287DDE0300B105E7 /* Release */,
			);
			defaultConfigurationIsVisible = 0;
			defaultConfigurationName = Release;
		};
/* End XCConfigurationList section */
	};
	rootObject = D3A6B97E287DDE0100B105E7 /* Project object */;
}
